// !$*UTF8*$!
{
	archiveVersion = 1;
	classes = {
	};
	objectVersion = 56;
	objects = {

/* Begin PBXBuildFile section */
		58A51D2B2BADEC4800FFA2B0 /* Mad_LibsApp.swift in Sources */ = {isa = PBXBuildFile; fileRef = 58A51D2A2BADEC4800FFA2B0 /* Mad_LibsApp.swift */; };
		58A51D2D2BADEC4800FFA2B0 /* ContentView.swift in Sources */ = {isa = PBXBuildFile; fileRef = 58A51D2C2BADEC4800FFA2B0 /* ContentView.swift */; };
		58A51D2F2BADEC4800FFA2B0 /* History.swift in Sources */ = {isa = PBXBuildFile; fileRef = 58A51D2E2BADEC4800FFA2B0 /* History.swift */; };
		58A51D312BADEC4A00FFA2B0 /* Assets.xcassets in Resources */ = {isa = PBXBuildFile; fileRef = 58A51D302BADEC4A00FFA2B0 /* Assets.xcassets */; };
		58A51D342BADEC4A00FFA2B0 /* Preview Assets.xcassets in Resources */ = {isa = PBXBuildFile; fileRef = 58A51D332BADEC4A00FFA2B0 /* Preview Assets.xcassets */; };
		58D33D1A2BC107BE00057B88 /* HistoryViewModel.swift in Sources */ = {isa = PBXBuildFile; fileRef = 58D33D192BC107BE00057B88 /* HistoryViewModel.swift */; };
		58D33D1C2BC1084200057B88 /* HistoryView.swift in Sources */ = {isa = PBXBuildFile; fileRef = 58D33D1B2BC1084200057B88 /* HistoryView.swift */; };
		58D33D1E2BC1087700057B88 /* HistoryDetailView.swift in Sources */ = {isa = PBXBuildFile; fileRef = 58D33D1D2BC1087700057B88 /* HistoryDetailView.swift */; };
		58D33D202BC1098B00057B88 /* StoryTitle.swift in Sources */ = {isa = PBXBuildFile; fileRef = 58D33D1F2BC1098B00057B88 /* StoryTitle.swift */; };
		58D33D222BC109A800057B88 /* Story.swift in Sources */ = {isa = PBXBuildFile; fileRef = 58D33D212BC109A800057B88 /* Story.swift */; };
		58D33D242BC109CD00057B88 /* Question.swift in Sources */ = {isa = PBXBuildFile; fileRef = 58D33D232BC109CD00057B88 /* Question.swift */; };
		58D33D262BC109F900057B88 /* FilledOutMadLib.swift in Sources */ = {isa = PBXBuildFile; fileRef = 58D33D252BC109F900057B88 /* FilledOutMadLib.swift */; };
		58D33D282BC10A1500057B88 /* Answer.swift in Sources */ = {isa = PBXBuildFile; fileRef = 58D33D272BC10A1500057B88 /* Answer.swift */; };
		58D33D2F2BC10BB500057B88 /* StoryDetailView.swift in Sources */ = {isa = PBXBuildFile; fileRef = 58D33D2E2BC10BB500057B88 /* StoryDetailView.swift */; };
		58D33D312BC10BC700057B88 /* StoryTitleCard.swift in Sources */ = {isa = PBXBuildFile; fileRef = 58D33D302BC10BC700057B88 /* StoryTitleCard.swift */; };
		58D33D3F2BC1198000057B88 /* NetworkManager.swift in Sources */ = {isa = PBXBuildFile; fileRef = 58D33D3E2BC1198000057B88 /* NetworkManager.swift */; };
		58D33D412BC119A100057B88 /* OfflineManager.swift in Sources */ = {isa = PBXBuildFile; fileRef = 58D33D402BC119A100057B88 /* OfflineManager.swift */; };
		58D33D432BC11B3D00057B88 /* OnlineManager.swift in Sources */ = {isa = PBXBuildFile; fileRef = 58D33D422BC11B3D00057B88 /* OnlineManager.swift */; };
		58D33D452BC122F400057B88 /* SelectedStoryManager.swift in Sources */ = {isa = PBXBuildFile; fileRef = 58D33D442BC122F400057B88 /* SelectedStoryManager.swift */; };
/* End PBXBuildFile section */

/* Begin PBXFileReference section */
		58A51D272BADEC4800FFA2B0 /* Mad Libs.app */ = {isa = PBXFileReference; explicitFileType = wrapper.application; includeInIndex = 0; path = "Mad Libs.app"; sourceTree = BUILT_PRODUCTS_DIR; };
		58A51D2A2BADEC4800FFA2B0 /* Mad_LibsApp.swift */ = {isa = PBXFileReference; lastKnownFileType = sourcecode.swift; path = Mad_LibsApp.swift; sourceTree = "<group>"; };
		58A51D2C2BADEC4800FFA2B0 /* ContentView.swift */ = {isa = PBXFileReference; lastKnownFileType = sourcecode.swift; path = ContentView.swift; sourceTree = "<group>"; };
		58A51D2E2BADEC4800FFA2B0 /* History.swift */ = {isa = PBXFileReference; lastKnownFileType = sourcecode.swift; path = History.swift; sourceTree = "<group>"; };
		58A51D302BADEC4A00FFA2B0 /* Assets.xcassets */ = {isa = PBXFileReference; lastKnownFileType = folder.assetcatalog; path = Assets.xcassets; sourceTree = "<group>"; };
		58A51D332BADEC4A00FFA2B0 /* Preview Assets.xcassets */ = {isa = PBXFileReference; lastKnownFileType = folder.assetcatalog; path = "Preview Assets.xcassets"; sourceTree = "<group>"; };
		58D33D192BC107BE00057B88 /* HistoryViewModel.swift */ = {isa = PBXFileReference; lastKnownFileType = sourcecode.swift; path = HistoryViewModel.swift; sourceTree = "<group>"; };
		58D33D1B2BC1084200057B88 /* HistoryView.swift */ = {isa = PBXFileReference; lastKnownFileType = sourcecode.swift; path = HistoryView.swift; sourceTree = "<group>"; };
		58D33D1D2BC1087700057B88 /* HistoryDetailView.swift */ = {isa = PBXFileReference; lastKnownFileType = sourcecode.swift; path = HistoryDetailView.swift; sourceTree = "<group>"; };
		58D33D1F2BC1098B00057B88 /* StoryTitle.swift */ = {isa = PBXFileReference; lastKnownFileType = sourcecode.swift; path = StoryTitle.swift; sourceTree = "<group>"; };
		58D33D212BC109A800057B88 /* Story.swift */ = {isa = PBXFileReference; lastKnownFileType = sourcecode.swift; path = Story.swift; sourceTree = "<group>"; };
		58D33D232BC109CD00057B88 /* Question.swift */ = {isa = PBXFileReference; lastKnownFileType = sourcecode.swift; path = Question.swift; sourceTree = "<group>"; };
		58D33D252BC109F900057B88 /* FilledOutMadLib.swift */ = {isa = PBXFileReference; lastKnownFileType = sourcecode.swift; path = FilledOutMadLib.swift; sourceTree = "<group>"; };
		58D33D272BC10A1500057B88 /* Answer.swift */ = {isa = PBXFileReference; lastKnownFileType = sourcecode.swift; path = Answer.swift; sourceTree = "<group>"; };
		58D33D2E2BC10BB500057B88 /* StoryDetailView.swift */ = {isa = PBXFileReference; lastKnownFileType = sourcecode.swift; path = StoryDetailView.swift; sourceTree = "<group>"; };
		58D33D302BC10BC700057B88 /* StoryTitleCard.swift */ = {isa = PBXFileReference; lastKnownFileType = sourcecode.swift; path = StoryTitleCard.swift; sourceTree = "<group>"; };
		58D33D3E2BC1198000057B88 /* NetworkManager.swift */ = {isa = PBXFileReference; lastKnownFileType = sourcecode.swift; path = NetworkManager.swift; sourceTree = "<group>"; };
		58D33D402BC119A100057B88 /* OfflineManager.swift */ = {isa = PBXFileReference; lastKnownFileType = sourcecode.swift; path = OfflineManager.swift; sourceTree = "<group>"; };
		58D33D422BC11B3D00057B88 /* OnlineManager.swift */ = {isa = PBXFileReference; lastKnownFileType = sourcecode.swift; path = OnlineManager.swift; sourceTree = "<group>"; };
		58D33D442BC122F400057B88 /* SelectedStoryManager.swift */ = {isa = PBXFileReference; lastKnownFileType = sourcecode.swift; path = SelectedStoryManager.swift; sourceTree = "<group>"; };
/* End PBXFileReference section */

/* Begin PBXFrameworksBuildPhase section */
		58A51D242BADEC4800FFA2B0 /* Frameworks */ = {
			isa = PBXFrameworksBuildPhase;
			buildActionMask = 2147483647;
			files = (
			);
			runOnlyForDeploymentPostprocessing = 0;
		};
/* End PBXFrameworksBuildPhase section */

/* Begin PBXGroup section */
		58A51D1E2BADEC4800FFA2B0 = {
			isa = PBXGroup;
			children = (
				58A51D292BADEC4800FFA2B0 /* Mad Libs */,
				58A51D282BADEC4800FFA2B0 /* Products */,
			);
			sourceTree = "<group>";
		};
		58A51D282BADEC4800FFA2B0 /* Products */ = {
			isa = PBXGroup;
			children = (
				58A51D272BADEC4800FFA2B0 /* Mad Libs.app */,
			);
			name = Products;
			sourceTree = "<group>";
		};
		58A51D292BADEC4800FFA2B0 /* Mad Libs */ = {
			isa = PBXGroup;
			children = (
				58D33D322BC10BFE00057B88 /* ViewModels */,
				58D33D2D2BC10B4500057B88 /* Views */,
				58D33D2A2BC10B0100057B88 /* Networking */,
				58D33D292BC10A6500057B88 /* Models */,
				58A51D2A2BADEC4800FFA2B0 /* Mad_LibsApp.swift */,
				58A51D302BADEC4A00FFA2B0 /* Assets.xcassets */,
				58A51D322BADEC4A00FFA2B0 /* Preview Content */,
			);
			path = "Mad Libs";
			sourceTree = "<group>";
		};
		58A51D322BADEC4A00FFA2B0 /* Preview Content */ = {
			isa = PBXGroup;
			children = (
				58A51D332BADEC4A00FFA2B0 /* Preview Assets.xcassets */,
			);
			path = "Preview Content";
			sourceTree = "<group>";
		};
		58D33D292BC10A6500057B88 /* Models */ = {
			isa = PBXGroup;
			children = (
				58A51D2E2BADEC4800FFA2B0 /* History.swift */,
				58D33D232BC109CD00057B88 /* Question.swift */,
				58D33D252BC109F900057B88 /* FilledOutMadLib.swift */,
				58D33D272BC10A1500057B88 /* Answer.swift */,
				58D33D212BC109A800057B88 /* Story.swift */,
				58D33D1F2BC1098B00057B88 /* StoryTitle.swift */,
			);
			path = Models;
			sourceTree = "<group>";
		};
		58D33D2A2BC10B0100057B88 /* Networking */ = {
			isa = PBXGroup;
			children = (
				58D33D3E2BC1198000057B88 /* NetworkManager.swift */,
				58D33D402BC119A100057B88 /* OfflineManager.swift */,
				58D33D422BC11B3D00057B88 /* OnlineManager.swift */,
			);
			path = Networking;
			sourceTree = "<group>";
		};
		58D33D2D2BC10B4500057B88 /* Views */ = {
			isa = PBXGroup;
			children = (
				58D33D1D2BC1087700057B88 /* HistoryDetailView.swift */,
				58D33D1B2BC1084200057B88 /* HistoryView.swift */,
				58A51D2C2BADEC4800FFA2B0 /* ContentView.swift */,
				58D33D2E2BC10BB500057B88 /* StoryDetailView.swift */,
				58D33D302BC10BC700057B88 /* StoryTitleCard.swift */,
			);
			path = Views;
			sourceTree = "<group>";
		};
		58D33D322BC10BFE00057B88 /* ViewModels */ = {
			isa = PBXGroup;
			children = (
				58D33D192BC107BE00057B88 /* HistoryViewModel.swift */,
				58D33D442BC122F400057B88 /* SelectedStoryManager.swift */,
			);
			path = ViewModels;
			sourceTree = "<group>";
		};
/* End PBXGroup section */

/* Begin PBXNativeTarget section */
		58A51D262BADEC4800FFA2B0 /* Mad Libs */ = {
			isa = PBXNativeTarget;
			buildConfigurationList = 58A51D372BADEC4A00FFA2B0 /* Build configuration list for PBXNativeTarget "Mad Libs" */;
			buildPhases = (
				58A51D232BADEC4800FFA2B0 /* Sources */,
				58A51D242BADEC4800FFA2B0 /* Frameworks */,
				58A51D252BADEC4800FFA2B0 /* Resources */,
			);
			buildRules = (
			);
			dependencies = (
			);
			name = "Mad Libs";
			productName = "Mad Libs";
			productReference = 58A51D272BADEC4800FFA2B0 /* Mad Libs.app */;
			productType = "com.apple.product-type.application";
		};
/* End PBXNativeTarget section */

/* Begin PBXProject section */
		58A51D1F2BADEC4800FFA2B0 /* Project object */ = {
			isa = PBXProject;
			attributes = {
				BuildIndependentTargetsInParallel = 1;
				LastSwiftUpdateCheck = 1530;
				LastUpgradeCheck = 1530;
				TargetAttributes = {
					58A51D262BADEC4800FFA2B0 = {
						CreatedOnToolsVersion = 15.3;
					};
				};
			};
			buildConfigurationList = 58A51D222BADEC4800FFA2B0 /* Build configuration list for PBXProject "Mad Libs" */;
			compatibilityVersion = "Xcode 14.0";
			developmentRegion = en;
			hasScannedForEncodings = 0;
			knownRegions = (
				en,
				Base,
			);
			mainGroup = 58A51D1E2BADEC4800FFA2B0;
			productRefGroup = 58A51D282BADEC4800FFA2B0 /* Products */;
			projectDirPath = "";
			projectRoot = "";
			targets = (
				58A51D262BADEC4800FFA2B0 /* Mad Libs */,
			);
		};
/* End PBXProject section */

/* Begin PBXResourcesBuildPhase section */
		58A51D252BADEC4800FFA2B0 /* Resources */ = {
			isa = PBXResourcesBuildPhase;
			buildActionMask = 2147483647;
			files = (
				58A51D342BADEC4A00FFA2B0 /* Preview Assets.xcassets in Resources */,
				58A51D312BADEC4A00FFA2B0 /* Assets.xcassets in Resources */,
			);
			runOnlyForDeploymentPostprocessing = 0;
		};
/* End PBXResourcesBuildPhase section */

/* Begin PBXSourcesBuildPhase section */
		58A51D232BADEC4800FFA2B0 /* Sources */ = {
			isa = PBXSourcesBuildPhase;
			buildActionMask = 2147483647;
			files = (
				58D33D3F2BC1198000057B88 /* NetworkManager.swift in Sources */,
				58A51D2D2BADEC4800FFA2B0 /* ContentView.swift in Sources */,
				58A51D2F2BADEC4800FFA2B0 /* History.swift in Sources */,
				58D33D1C2BC1084200057B88 /* HistoryView.swift in Sources */,
				58D33D242BC109CD00057B88 /* Question.swift in Sources */,
				58D33D412BC119A100057B88 /* OfflineManager.swift in Sources */,
				58A51D2B2BADEC4800FFA2B0 /* Mad_LibsApp.swift in Sources */,
				58D33D282BC10A1500057B88 /* Answer.swift in Sources */,
				58D33D262BC109F900057B88 /* FilledOutMadLib.swift in Sources */,
				58D33D202BC1098B00057B88 /* StoryTitle.swift in Sources */,
				58D33D1E2BC1087700057B88 /* HistoryDetailView.swift in Sources */,
				58D33D452BC122F400057B88 /* SelectedStoryManager.swift in Sources */,
				58D33D312BC10BC700057B88 /* StoryTitleCard.swift in Sources */,
				58D33D2F2BC10BB500057B88 /* StoryDetailView.swift in Sources */,
				58D33D1A2BC107BE00057B88 /* HistoryViewModel.swift in Sources */,
				58D33D222BC109A800057B88 /* Story.swift in Sources */,
				58D33D432BC11B3D00057B88 /* OnlineManager.swift in Sources */,
			);
			runOnlyForDeploymentPostprocessing = 0;
		};
/* End PBXSourcesBuildPhase section */

/* Begin XCBuildConfiguration section */
		58A51D352BADEC4A00FFA2B0 /* Debug */ = {
			isa = XCBuildConfiguration;
			buildSettings = {
				ALWAYS_SEARCH_USER_PATHS = NO;
				ASSETCATALOG_COMPILER_GENERATE_SWIFT_ASSET_SYMBOL_EXTENSIONS = YES;
				CLANG_ANALYZER_NONNULL = YES;
				CLANG_ANALYZER_NUMBER_OBJECT_CONVERSION = YES_AGGRESSIVE;
				CLANG_CXX_LANGUAGE_STANDARD = "gnu++20";
				CLANG_ENABLE_MODULES = YES;
				CLANG_ENABLE_OBJC_ARC = YES;
				CLANG_ENABLE_OBJC_WEAK = YES;
				CLANG_WARN_BLOCK_CAPTURE_AUTORELEASING = YES;
				CLANG_WARN_BOOL_CONVERSION = YES;
				CLANG_WARN_COMMA = YES;
				CLANG_WARN_CONSTANT_CONVERSION = YES;
				CLANG_WARN_DEPRECATED_OBJC_IMPLEMENTATIONS = YES;
				CLANG_WARN_DIRECT_OBJC_ISA_USAGE = YES_ERROR;
				CLANG_WARN_DOCUMENTATION_COMMENTS = YES;
				CLANG_WARN_EMPTY_BODY = YES;
				CLANG_WARN_ENUM_CONVERSION = YES;
				CLANG_WARN_INFINITE_RECURSION = YES;
				CLANG_WARN_INT_CONVERSION = YES;
				CLANG_WARN_NON_LITERAL_NULL_CONVERSION = YES;
				CLANG_WARN_OBJC_IMPLICIT_RETAIN_SELF = YES;
				CLANG_WARN_OBJC_LITERAL_CONVERSION = YES;
				CLANG_WARN_OBJC_ROOT_CLASS = YES_ERROR;
				CLANG_WARN_QUOTED_INCLUDE_IN_FRAMEWORK_HEADER = YES;
				CLANG_WARN_RANGE_LOOP_ANALYSIS = YES;
				CLANG_WARN_STRICT_PROTOTYPES = YES;
				CLANG_WARN_SUSPICIOUS_MOVE = YES;
				CLANG_WARN_UNGUARDED_AVAILABILITY = YES_AGGRESSIVE;
				CLANG_WARN_UNREACHABLE_CODE = YES;
				CLANG_WARN__DUPLICATE_METHOD_MATCH = YES;
				COPY_PHASE_STRIP = NO;
				DEBUG_INFORMATION_FORMAT = dwarf;
				ENABLE_STRICT_OBJC_MSGSEND = YES;
				ENABLE_TESTABILITY = YES;
				ENABLE_USER_SCRIPT_SANDBOXING = YES;
				GCC_C_LANGUAGE_STANDARD = gnu17;
				GCC_DYNAMIC_NO_PIC = NO;
				GCC_NO_COMMON_BLOCKS = YES;
				GCC_OPTIMIZATION_LEVEL = 0;
				GCC_PREPROCESSOR_DEFINITIONS = (
					"DEBUG=1",
					"$(inherited)",
				);
				GCC_WARN_64_TO_32_BIT_CONVERSION = YES;
				GCC_WARN_ABOUT_RETURN_TYPE = YES_ERROR;
				GCC_WARN_UNDECLARED_SELECTOR = YES;
				GCC_WARN_UNINITIALIZED_AUTOS = YES_AGGRESSIVE;
				GCC_WARN_UNUSED_FUNCTION = YES;
				GCC_WARN_UNUSED_VARIABLE = YES;
				IPHONEOS_DEPLOYMENT_TARGET = 17.4;
				LOCALIZATION_PREFERS_STRING_CATALOGS = YES;
				MTL_ENABLE_DEBUG_INFO = INCLUDE_SOURCE;
				MTL_FAST_MATH = YES;
				ONLY_ACTIVE_ARCH = YES;
				SDKROOT = iphoneos;
				SWIFT_ACTIVE_COMPILATION_CONDITIONS = "DEBUG $(inherited)";
				SWIFT_OPTIMIZATION_LEVEL = "-Onone";
			};
			name = Debug;
		};
		58A51D362BADEC4A00FFA2B0 /* Release */ = {
			isa = XCBuildConfiguration;
			buildSettings = {
				ALWAYS_SEARCH_USER_PATHS = NO;
				ASSETCATALOG_COMPILER_GENERATE_SWIFT_ASSET_SYMBOL_EXTENSIONS = YES;
				CLANG_ANALYZER_NONNULL = YES;
				CLANG_ANALYZER_NUMBER_OBJECT_CONVERSION = YES_AGGRESSIVE;
				CLANG_CXX_LANGUAGE_STANDARD = "gnu++20";
				CLANG_ENABLE_MODULES = YES;
				CLANG_ENABLE_OBJC_ARC = YES;
				CLANG_ENABLE_OBJC_WEAK = YES;
				CLANG_WARN_BLOCK_CAPTURE_AUTORELEASING = YES;
				CLANG_WARN_BOOL_CONVERSION = YES;
				CLANG_WARN_COMMA = YES;
				CLANG_WARN_CONSTANT_CONVERSION = YES;
				CLANG_WARN_DEPRECATED_OBJC_IMPLEMENTATIONS = YES;
				CLANG_WARN_DIRECT_OBJC_ISA_USAGE = YES_ERROR;
				CLANG_WARN_DOCUMENTATION_COMMENTS = YES;
				CLANG_WARN_EMPTY_BODY = YES;
				CLANG_WARN_ENUM_CONVERSION = YES;
				CLANG_WARN_INFINITE_RECURSION = YES;
				CLANG_WARN_INT_CONVERSION = YES;
				CLANG_WARN_NON_LITERAL_NULL_CONVERSION = YES;
				CLANG_WARN_OBJC_IMPLICIT_RETAIN_SELF = YES;
				CLANG_WARN_OBJC_LITERAL_CONVERSION = YES;
				CLANG_WARN_OBJC_ROOT_CLASS = YES_ERROR;
				CLANG_WARN_QUOTED_INCLUDE_IN_FRAMEWORK_HEADER = YES;
				CLANG_WARN_RANGE_LOOP_ANALYSIS = YES;
				CLANG_WARN_STRICT_PROTOTYPES = YES;
				CLANG_WARN_SUSPICIOUS_MOVE = YES;
				CLANG_WARN_UNGUARDED_AVAILABILITY = YES_AGGRESSIVE;
				CLANG_WARN_UNREACHABLE_CODE = YES;
				CLANG_WARN__DUPLICATE_METHOD_MATCH = YES;
				COPY_PHASE_STRIP = NO;
				DEBUG_INFORMATION_FORMAT = "dwarf-with-dsym";
				ENABLE_NS_ASSERTIONS = NO;
				ENABLE_STRICT_OBJC_MSGSEND = YES;
				ENABLE_USER_SCRIPT_SANDBOXING = YES;
				GCC_C_LANGUAGE_STANDARD = gnu17;
				GCC_NO_COMMON_BLOCKS = YES;
				GCC_WARN_64_TO_32_BIT_CONVERSION = YES;
				GCC_WARN_ABOUT_RETURN_TYPE = YES_ERROR;
				GCC_WARN_UNDECLARED_SELECTOR = YES;
				GCC_WARN_UNINITIALIZED_AUTOS = YES_AGGRESSIVE;
				GCC_WARN_UNUSED_FUNCTION = YES;
				GCC_WARN_UNUSED_VARIABLE = YES;
				IPHONEOS_DEPLOYMENT_TARGET = 17.4;
				LOCALIZATION_PREFERS_STRING_CATALOGS = YES;
				MTL_ENABLE_DEBUG_INFO = NO;
				MTL_FAST_MATH = YES;
				SDKROOT = iphoneos;
				SWIFT_COMPILATION_MODE = wholemodule;
				VALIDATE_PRODUCT = YES;
			};
			name = Release;
		};
		58A51D382BADEC4A00FFA2B0 /* Debug */ = {
			isa = XCBuildConfiguration;
			buildSettings = {
				ASSETCATALOG_COMPILER_APPICON_NAME = AppIcon;
				ASSETCATALOG_COMPILER_GLOBAL_ACCENT_COLOR_NAME = AccentColor;
				CODE_SIGN_STYLE = Automatic;
				CURRENT_PROJECT_VERSION = 1;
				DEVELOPMENT_ASSET_PATHS = "\"Mad Libs/Preview Content\"";
				ENABLE_PREVIEWS = YES;
				GENERATE_INFOPLIST_FILE = YES;
				INFOPLIST_KEY_UIApplicationSceneManifest_Generation = YES;
				INFOPLIST_KEY_UIApplicationSupportsIndirectInputEvents = YES;
				INFOPLIST_KEY_UILaunchScreen_Generation = YES;
				INFOPLIST_KEY_UISupportedInterfaceOrientations_iPad = "UIInterfaceOrientationPortrait UIInterfaceOrientationPortraitUpsideDown UIInterfaceOrientationLandscapeLeft UIInterfaceOrientationLandscapeRight";
				INFOPLIST_KEY_UISupportedInterfaceOrientations_iPhone = "UIInterfaceOrientationPortrait UIInterfaceOrientationLandscapeLeft UIInterfaceOrientationLandscapeRight";
				LD_RUNPATH_SEARCH_PATHS = (
					"$(inherited)",
					"@executable_path/Frameworks",
				);
				MARKETING_VERSION = 1.0;
				PRODUCT_BUNDLE_IDENTIFIER = "game.Mad-Libs";
				PRODUCT_NAME = "$(TARGET_NAME)";
				SWIFT_EMIT_LOC_STRINGS = YES;
				SWIFT_VERSION = 5.0;
				TARGETED_DEVICE_FAMILY = "1,2";
			};
			name = Debug;
		};
		58A51D392BADEC4A00FFA2B0 /* Release */ = {
			isa = XCBuildConfiguration;
			buildSettings = {
				ASSETCATALOG_COMPILER_APPICON_NAME = AppIcon;
				ASSETCATALOG_COMPILER_GLOBAL_ACCENT_COLOR_NAME = AccentColor;
				CODE_SIGN_STYLE = Automatic;
				CURRENT_PROJECT_VERSION = 1;
				DEVELOPMENT_ASSET_PATHS = "\"Mad Libs/Preview Content\"";
				ENABLE_PREVIEWS = YES;
				GENERATE_INFOPLIST_FILE = YES;
				INFOPLIST_KEY_UIApplicationSceneManifest_Generation = YES;
				INFOPLIST_KEY_UIApplicationSupportsIndirectInputEvents = YES;
				INFOPLIST_KEY_UILaunchScreen_Generation = YES;
				INFOPLIST_KEY_UISupportedInterfaceOrientations_iPad = "UIInterfaceOrientationPortrait UIInterfaceOrientationPortraitUpsideDown UIInterfaceOrientationLandscapeLeft UIInterfaceOrientationLandscapeRight";
				INFOPLIST_KEY_UISupportedInterfaceOrientations_iPhone = "UIInterfaceOrientationPortrait UIInterfaceOrientationLandscapeLeft UIInterfaceOrientationLandscapeRight";
				LD_RUNPATH_SEARCH_PATHS = (
					"$(inherited)",
					"@executable_path/Frameworks",
				);
				MARKETING_VERSION = 1.0;
				PRODUCT_BUNDLE_IDENTIFIER = "game.Mad-Libs";
				PRODUCT_NAME = "$(TARGET_NAME)";
				SWIFT_EMIT_LOC_STRINGS = YES;
				SWIFT_VERSION = 5.0;
				TARGETED_DEVICE_FAMILY = "1,2";
			};
			name = Release;
		};
/* End XCBuildConfiguration section */

/* Begin XCConfigurationList section */
		58A51D222BADEC4800FFA2B0 /* Build configuration list for PBXProject "Mad Libs" */ = {
			isa = XCConfigurationList;
			buildConfigurations = (
				58A51D352BADEC4A00FFA2B0 /* Debug */,
				58A51D362BADEC4A00FFA2B0 /* Release */,
			);
			defaultConfigurationIsVisible = 0;
			defaultConfigurationName = Release;
		};
		58A51D372BADEC4A00FFA2B0 /* Build configuration list for PBXNativeTarget "Mad Libs" */ = {
			isa = XCConfigurationList;
			buildConfigurations = (
				58A51D382BADEC4A00FFA2B0 /* Debug */,
				58A51D392BADEC4A00FFA2B0 /* Release */,
			);
			defaultConfigurationIsVisible = 0;
			defaultConfigurationName = Release;
		};
/* End XCConfigurationList section */
	};
	rootObject = 58A51D1F2BADEC4800FFA2B0 /* Project object */;
}
